
Microsoft Visual Studio Solution File, Format Version 12.00
Project("{FAE04EC0-301F-11D3-BF4B-00C04F79EFBC}") = "CleanCodDevOps", "CleanCodDevOps\CleanCodDevOps.csproj", "{B3024E8A-F61B-4727-AF24-01036F90359A}"
EndProject
Global
	GlobalSection(SolutionConfigurationPlatforms) = preSolution
		Debug|Any CPU = Debug|Any CPU
		Release|Any CPU = Release|Any CPU
	EndGlobalSection
	GlobalSection(ProjectConfigurationPlatforms) = postSolution
		{B3024E8A-F61B-4727-AF24-01036F90359A}.Debug|Any CPU.ActiveCfg = Debug|Any CPU
		{B3024E8A-F61B-4727-AF24-01036F90359A}.Debug|Any CPU.Build.0 = Debug|Any CPU
		{B3024E8A-F61B-4727-AF24-01036F90359A}.Release|Any CPU.ActiveCfg = Release|Any CPU
		{B3024E8A-F61B-4727-AF24-01036F90359A}.Release|Any CPU.Build.0 = Release|Any CPU
	EndGlobalSection
EndGlobal
